
Microsoft Visual Studio Solution File, Format Version 12.00
# Visual Studio Version 17
VisualStudioVersion = 17.8.34525.116
MinimumVisualStudioVersion = 10.0.40219.1
Project("{FAE04EC0-301F-11D3-BF4B-00C04F79EFBC}") = "mybackground-1", "mybackground-1\mybackground-1.csproj", "{F1582814-EDB0-4F53-83FC-C504B47282D6}"
EndProject
Global
	GlobalSection(SolutionConfigurationPlatforms) = preSolution
		Debug|Any CPU = Debug|Any CPU
		Release|Any CPU = Release|Any CPU
	EndGlobalSection
	GlobalSection(ProjectConfigurationPlatforms) = postSolution
		{F1582814-EDB0-4F53-83FC-C504B47282D6}.Debug|Any CPU.ActiveCfg = Debug|Any CPU
		{F1582814-EDB0-4F53-83FC-C504B47282D6}.Debug|Any CPU.Build.0 = Debug|Any CPU
		{F1582814-EDB0-4F53-83FC-C504B47282D6}.Release|Any CPU.ActiveCfg = Release|Any CPU
		{F1582814-EDB0-4F53-83FC-C504B47282D6}.Release|Any CPU.Build.0 = Release|Any CPU
	EndGlobalSection
	GlobalSection(SolutionProperties) = preSolution
		HideSolutionNode = FALSE
	EndGlobalSection
	GlobalSection(ExtensibilityGlobals) = postSolution
		SolutionGuid = {04CA9DF3-F6E5-41B0-B6B1-B68ACEA1E770}
	EndGlobalSection
EndGlobal
